
Microsoft Visual Studio Solution File, Format Version 12.00
# Visual Studio Version 16
VisualStudioVersion = 16.0.30204.135
MinimumVisualStudioVersion = 10.0.40219.1
Project("{9A19103F-16F7-4668-BE54-9A1E7A4F7556}") = "SoberLivingAmerica.Web", "SoberLivingAmerica.Web\SoberLivingAmerica.Web.csproj", "{46D19506-5DC2-438B-90EC-8DEF01B8BDFA}"
EndProject
Project("{9A19103F-16F7-4668-BE54-9A1E7A4F7556}") = "SoberLivingAmerica.Database", "SoberLivingAmerica.Database\SoberLivingAmerica.Database.csproj", "{ECA3B54F-B5ED-4DD3-91EF-D898FE3EC5A5}"
EndProject
Project("{9A19103F-16F7-4668-BE54-9A1E7A4F7556}") = "SoberLivingAmerica.Entities", "SoberLivingAmerica.Entities\SoberLivingAmerica.Entities.csproj", "{E9747ACE-D75E-4037-8D15-D932617F8D8E}"
EndProject
Project("{9A19103F-16F7-4668-BE54-9A1E7A4F7556}") = "SoberLivingAmerica.Repository", "SoberLivingAmerica.Repository\SoberLivingAmerica.Repository.csproj", "{DE8B0CA9-20E0-44E0-9F47-25A82F45E93A}"
EndProject
Project("{9A19103F-16F7-4668-BE54-9A1E7A4F7556}") = "SoberLivingAmerica.Services", "SoberLivingAmerica.Services\SoberLivingAmerica.Services.csproj", "{0CCA46D1-467A-4029-9FD0-4BC26731433C}"
EndProject
Global
	GlobalSection(SolutionConfigurationPlatforms) = preSolution
		Debug|Any CPU = Debug|Any CPU
		Release|Any CPU = Release|Any CPU
	EndGlobalSection
	GlobalSection(ProjectConfigurationPlatforms) = postSolution
		{46D19506-5DC2-438B-90EC-8DEF01B8BDFA}.Debug|Any CPU.ActiveCfg = Debug|Any CPU
		{46D19506-5DC2-438B-90EC-8DEF01B8BDFA}.Debug|Any CPU.Build.0 = Debug|Any CPU
		{46D19506-5DC2-438B-90EC-8DEF01B8BDFA}.Release|Any CPU.ActiveCfg = Release|Any CPU
		{46D19506-5DC2-438B-90EC-8DEF01B8BDFA}.Release|Any CPU.Build.0 = Release|Any CPU
		{ECA3B54F-B5ED-4DD3-91EF-D898FE3EC5A5}.Debug|Any CPU.ActiveCfg = Debug|Any CPU
		{ECA3B54F-B5ED-4DD3-91EF-D898FE3EC5A5}.Debug|Any CPU.Build.0 = Debug|Any CPU
		{ECA3B54F-B5ED-4DD3-91EF-D898FE3EC5A5}.Release|Any CPU.ActiveCfg = Release|Any CPU
		{ECA3B54F-B5ED-4DD3-91EF-D898FE3EC5A5}.Release|Any CPU.Build.0 = Release|Any CPU
		{E9747ACE-D75E-4037-8D15-D932617F8D8E}.Debug|Any CPU.ActiveCfg = Debug|Any CPU
		{E9747ACE-D75E-4037-8D15-D932617F8D8E}.Debug|Any CPU.Build.0 = Debug|Any CPU
		{E9747ACE-D75E-4037-8D15-D932617F8D8E}.Release|Any CPU.ActiveCfg = Release|Any CPU
		{E9747ACE-D75E-4037-8D15-D932617F8D8E}.Release|Any CPU.Build.0 = Release|Any CPU
		{DE8B0CA9-20E0-44E0-9F47-25A82F45E93A}.Debug|Any CPU.ActiveCfg = Debug|Any CPU
		{DE8B0CA9-20E0-44E0-9F47-25A82F45E93A}.Debug|Any CPU.Build.0 = Debug|Any CPU
		{DE8B0CA9-20E0-44E0-9F47-25A82F45E93A}.Release|Any CPU.ActiveCfg = Release|Any CPU
		{DE8B0CA9-20E0-44E0-9F47-25A82F45E93A}.Release|Any CPU.Build.0 = Release|Any CPU
		{0CCA46D1-467A-4029-9FD0-4BC26731433C}.Debug|Any CPU.ActiveCfg = Debug|Any CPU
		{0CCA46D1-467A-4029-9FD0-4BC26731433C}.Debug|Any CPU.Build.0 = Debug|Any CPU
		{0CCA46D1-467A-4029-9FD0-4BC26731433C}.Release|Any CPU.ActiveCfg = Release|Any CPU
		{0CCA46D1-467A-4029-9FD0-4BC26731433C}.Release|Any CPU.Build.0 = Release|Any CPU
	EndGlobalSection
	GlobalSection(SolutionProperties) = preSolution
		HideSolutionNode = FALSE
	EndGlobalSection
	GlobalSection(ExtensibilityGlobals) = postSolution
		SolutionGuid = {6235F6D0-8696-48AC-AE55-3A0FE5E5E2DE}
	EndGlobalSection
EndGlobal
